// !$*UTF8*$!
{
	archiveVersion = 1;
	classes = {
	};
	objectVersion = 50;
	objects = {

/* Begin PBXBuildFile section */
		3C50858824C5855600D5A87E /* AppDelegate.m in Sources */ = {isa = PBXBuildFile; fileRef = 3C50858724C5855600D5A87E /* AppDelegate.m */; };
		3C50858B24C5855600D5A87E /* SceneDelegate.m in Sources */ = {isa = PBXBuildFile; fileRef = 3C50858A24C5855600D5A87E /* SceneDelegate.m */; };
		3C50858E24C5855600D5A87E /* ViewController.m in Sources */ = {isa = PBXBuildFile; fileRef = 3C50858D24C5855600D5A87E /* ViewController.m */; };
		3C50859124C5855600D5A87E /* Main.storyboard in Resources */ = {isa = PBXBuildFile; fileRef = 3C50858F24C5855600D5A87E /* Main.storyboard */; };
		3C50859324C5855B00D5A87E /* Assets.xcassets in Resources */ = {isa = PBXBuildFile; fileRef = 3C50859224C5855B00D5A87E /* Assets.xcassets */; };
		3C50859624C5855B00D5A87E /* LaunchScreen.storyboard in Resources */ = {isa = PBXBuildFile; fileRef = 3C50859424C5855B00D5A87E /* LaunchScreen.storyboard */; };
		3C50859924C5855B00D5A87E /* main.m in Sources */ = {isa = PBXBuildFile; fileRef = 3C50859824C5855B00D5A87E /* main.m */; };
/* End PBXBuildFile section */

/* Begin PBXFileReference section */
		3C50858324C5855600D5A87E /* PubNativeInterview.app */ = {isa = PBXFileReference; explicitFileType = wrapper.application; includeInIndex = 0; path = PubNativeInterview.app; sourceTree = BUILT_PRODUCTS_DIR; };
		3C50858624C5855600D5A87E /* AppDelegate.h */ = {isa = PBXFileReference; lastKnownFileType = sourcecode.c.h; path = AppDelegate.h; sourceTree = "<group>"; };
		3C50858724C5855600D5A87E /* AppDelegate.m */ = {isa = PBXFileReference; lastKnownFileType = sourcecode.c.objc; path = AppDelegate.m; sourceTree = "<group>"; };
		3C50858924C5855600D5A87E /* SceneDelegate.h */ = {isa = PBXFileReference; lastKnownFileType = sourcecode.c.h; path = SceneDelegate.h; sourceTree = "<group>"; };
		3C50858A24C5855600D5A87E /* SceneDelegate.m */ = {isa = PBXFileReference; lastKnownFileType = sourcecode.c.objc; path = SceneDelegate.m; sourceTree = "<group>"; };
		3C50858C24C5855600D5A87E /* ViewController.h */ = {isa = PBXFileReference; lastKnownFileType = sourcecode.c.h; path = ViewController.h; sourceTree = "<group>"; };
		3C50858D24C5855600D5A87E /* ViewController.m */ = {isa = PBXFileReference; lastKnownFileType = sourcecode.c.objc; path = ViewController.m; sourceTree = "<group>"; };
		3C50859024C5855600D5A87E /* Base */ = {isa = PBXFileReference; lastKnownFileType = file.storyboard; name = Base; path = Base.lproj/Main.storyboard; sourceTree = "<group>"; };
		3C50859224C5855B00D5A87E /* Assets.xcassets */ = {isa = PBXFileReference; lastKnownFileType = folder.assetcatalog; path = Assets.xcassets; sourceTree = "<group>"; };
		3C50859524C5855B00D5A87E /* Base */ = {isa = PBXFileReference; lastKnownFileType = file.storyboard; name = Base; path = Base.lproj/LaunchScreen.storyboard; sourceTree = "<group>"; };
		3C50859724C5855B00D5A87E /* Info.plist */ = {isa = PBXFileReference; lastKnownFileType = text.plist.xml; path = Info.plist; sourceTree = "<group>"; };
		3C50859824C5855B00D5A87E /* main.m */ = {isa = PBXFileReference; lastKnownFileType = sourcecode.c.objc; path = main.m; sourceTree = "<group>"; };
/* End PBXFileReference section */

/* Begin PBXFrameworksBuildPhase section */
		3C50858024C5855600D5A87E /* Frameworks */ = {
			isa = PBXFrameworksBuildPhase;
			buildActionMask = 2147483647;
			files = (
			);
			runOnlyForDeploymentPostprocessing = 0;
		};
/* End PBXFrameworksBuildPhase section */

/* Begin PBXGroup section */
		3C50857A24C5855600D5A87E = {
			isa = PBXGroup;
			children = (
				3C50858524C5855600D5A87E /* PubNativeInterview */,
				3C50858424C5855600D5A87E /* Products */,
			);
			sourceTree = "<group>";
		};
		3C50858424C5855600D5A87E /* Products */ = {
			isa = PBXGroup;
			children = (
				3C50858324C5855600D5A87E /* PubNativeInterview.app */,
			);
			name = Products;
			sourceTree = "<group>";
		};
		3C50858524C5855600D5A87E /* PubNativeInterview */ = {
			isa = PBXGroup;
			children = (
				3C50858624C5855600D5A87E /* AppDelegate.h */,
				3C50858724C5855600D5A87E /* AppDelegate.m */,
				3C50858924C5855600D5A87E /* SceneDelegate.h */,
				3C50858A24C5855600D5A87E /* SceneDelegate.m */,
				3C50858C24C5855600D5A87E /* ViewController.h */,
				3C50858D24C5855600D5A87E /* ViewController.m */,
				3C50858F24C5855600D5A87E /* Main.storyboard */,
				3C50859224C5855B00D5A87E /* Assets.xcassets */,
				3C50859424C5855B00D5A87E /* LaunchScreen.storyboard */,
				3C50859724C5855B00D5A87E /* Info.plist */,
				3C50859824C5855B00D5A87E /* main.m */,
			);
			path = PubNativeInterview;
			sourceTree = "<group>";
		};
/* End PBXGroup section */

/* Begin PBXNativeTarget section */
		3C50858224C5855600D5A87E /* PubNativeInterview */ = {
			isa = PBXNativeTarget;
			buildConfigurationList = 3C50859C24C5855B00D5A87E /* Build configuration list for PBXNativeTarget "PubNativeInterview" */;
			buildPhases = (
				3C50857F24C5855600D5A87E /* Sources */,
				3C50858024C5855600D5A87E /* Frameworks */,
				3C50858124C5855600D5A87E /* Resources */,
			);
			buildRules = (
			);
			dependencies = (
			);
			name = PubNativeInterview;
			productName = PubNativeInterview;
			productReference = 3C50858324C5855600D5A87E /* PubNativeInterview.app */;
			productType = "com.apple.product-type.application";
		};
/* End PBXNativeTarget section */

/* Begin PBXProject section */
		3C50857B24C5855600D5A87E /* Project object */ = {
			isa = PBXProject;
			attributes = {
				LastUpgradeCheck = 1160;
				ORGANIZATIONNAME = Ramen;
				TargetAttributes = {
					3C50858224C5855600D5A87E = {
						CreatedOnToolsVersion = 11.6;
					};
				};
			};
			buildConfigurationList = 3C50857E24C5855600D5A87E /* Build configuration list for PBXProject "PubNativeInterview" */;
			compatibilityVersion = "Xcode 9.3";
			developmentRegion = en;
			hasScannedForEncodings = 0;
			knownRegions = (
				en,
				Base,
			);
			mainGroup = 3C50857A24C5855600D5A87E;
			productRefGroup = 3C50858424C5855600D5A87E /* Products */;
			projectDirPath = "";
			projectRoot = "";
			targets = (
				3C50858224C5855600D5A87E /* PubNativeInterview */,
			);
		};
/* End PBXProject section */

/* Begin PBXResourcesBuildPhase section */
		3C50858124C5855600D5A87E /* Resources */ = {
			isa = PBXResourcesBuildPhase;
			buildActionMask = 2147483647;
			files = (
				3C50859624C5855B00D5A87E /* LaunchScreen.storyboard in Resources */,
				3C50859324C5855B00D5A87E /* Assets.xcassets in Resources */,
				3C50859124C5855600D5A87E /* Main.storyboard in Resources */,
			);
			runOnlyForDeploymentPostprocessing = 0;
		};
/* End PBXResourcesBuildPhase section */

/* Begin PBXSourcesBuildPhase section */
		3C50857F24C5855600D5A87E /* Sources */ = {
			isa = PBXSourcesBuildPhase;
			buildActionMask = 2147483647;
			files = (
				3C50858E24C5855600D5A87E /* ViewController.m in Sources */,
				3C50858824C5855600D5A87E /* AppDelegate.m in Sources */,
				3C50859924C5855B00D5A87E /* main.m in Sources */,
				3C50858B24C5855600D5A87E /* SceneDelegate.m in Sources */,
			);
			runOnlyForDeploymentPostprocessing = 0;
		};
/* End PBXSourcesBuildPhase section */

/* Begin PBXVariantGroup section */
		3C50858F24C5855600D5A87E /* Main.storyboard */ = {
			isa = PBXVariantGroup;
			children = (
				3C50859024C5855600D5A87E /* Base */,
			);
			name = Main.storyboard;
			sourceTree = "<group>";
		};
		3C50859424C5855B00D5A87E /* LaunchScreen.storyboard */ = {
			isa = PBXVariantGroup;
			children = (
				3C50859524C5855B00D5A87E /* Base */,
			);
			name = LaunchScreen.storyboard;
			sourceTree = "<group>";
		};
/* End PBXVariantGroup section */

/* Begin XCBuildConfiguration section */
		3C50859A24C5855B00D5A87E /* Debug */ = {
			isa = XCBuildConfiguration;
			buildSettings = {
				ALWAYS_SEARCH_USER_PATHS = NO;
				CLANG_ANALYZER_NONNULL = YES;
				CLANG_ANALYZER_NUMBER_OBJECT_CONVERSION = YES_AGGRESSIVE;
				CLANG_CXX_LANGUAGE_STANDARD = "gnu++14";
				CLANG_CXX_LIBRARY = "libc++";
				CLANG_ENABLE_MODULES = YES;
				CLANG_ENABLE_OBJC_ARC = YES;
				CLANG_ENABLE_OBJC_WEAK = YES;
				CLANG_WARN_BLOCK_CAPTURE_AUTORELEASING = YES;
				CLANG_WARN_BOOL_CONVERSION = YES;
				CLANG_WARN_COMMA = YES;
				CLANG_WARN_CONSTANT_CONVERSION = YES;
				CLANG_WARN_DEPRECATED_OBJC_IMPLEMENTATIONS = YES;
				CLANG_WARN_DIRECT_OBJC_ISA_USAGE = YES_ERROR;
				CLANG_WARN_DOCUMENTATION_COMMENTS = YES;
				CLANG_WARN_EMPTY_BODY = YES;
				CLANG_WARN_ENUM_CONVERSION = YES;
				CLANG_WARN_INFINITE_RECURSION = YES;
				CLANG_WARN_INT_CONVERSION = YES;
				CLANG_WARN_NON_LITERAL_NULL_CONVERSION = YES;
				CLANG_WARN_OBJC_IMPLICIT_RETAIN_SELF = YES;
				CLANG_WARN_OBJC_LITERAL_CONVERSION = YES;
				CLANG_WARN_OBJC_ROOT_CLASS = YES_ERROR;
				CLANG_WARN_RANGE_LOOP_ANALYSIS = YES;
				CLANG_WARN_STRICT_PROTOTYPES = YES;
				CLANG_WARN_SUSPICIOUS_MOVE = YES;
				CLANG_WARN_UNGUARDED_AVAILABILITY = YES_AGGRESSIVE;
				CLANG_WARN_UNREACHABLE_CODE = YES;
				CLANG_WARN__DUPLICATE_METHOD_MATCH = YES;
				COPY_PHASE_STRIP = NO;
				DEBUG_INFORMATION_FORMAT = dwarf;
				ENABLE_STRICT_OBJC_MSGSEND = YES;
				ENABLE_TESTABILITY = YES;
				GCC_C_LANGUAGE_STANDARD = gnu11;
				GCC_DYNAMIC_NO_PIC = NO;
				GCC_NO_COMMON_BLOCKS = YES;
				GCC_OPTIMIZATION_LEVEL = 0;
				GCC_PREPROCESSOR_DEFINITIONS = (
					"DEBUG=1",
					"$(inherited)",
				);
				GCC_WARN_64_TO_32_BIT_CONVERSION = YES;
				GCC_WARN_ABOUT_RETURN_TYPE = YES_ERROR;
				GCC_WARN_UNDECLARED_SELECTOR = YES;
				GCC_WARN_UNINITIALIZED_AUTOS = YES_AGGRESSIVE;
				GCC_WARN_UNUSED_FUNCTION = YES;
				GCC_WARN_UNUSED_VARIABLE = YES;
				IPHONEOS_DEPLOYMENT_TARGET = 13.6;
				MTL_ENABLE_DEBUG_INFO = INCLUDE_SOURCE;
				MTL_FAST_MATH = YES;
				ONLY_ACTIVE_ARCH = YES;
				SDKROOT = iphoneos;
			};
			name = Debug;
		};
		3C50859B24C5855B00D5A87E /* Release */ = {
			isa = XCBuildConfiguration;
			buildSettings = {
				ALWAYS_SEARCH_USER_PATHS = NO;
				CLANG_ANALYZER_NONNULL = YES;
				CLANG_ANALYZER_NUMBER_OBJECT_CONVERSION = YES_AGGRESSIVE;
				CLANG_CXX_LANGUAGE_STANDARD = "gnu++14";
				CLANG_CXX_LIBRARY = "libc++";
				CLANG_ENABLE_MODULES = YES;
				CLANG_ENABLE_OBJC_ARC = YES;
				CLANG_ENABLE_OBJC_WEAK = YES;
				CLANG_WARN_BLOCK_CAPTURE_AUTORELEASING = YES;
				CLANG_WARN_BOOL_CONVERSION = YES;
				CLANG_WARN_COMMA = YES;
				CLANG_WARN_CONSTANT_CONVERSION = YES;
				CLANG_WARN_DEPRECATED_OBJC_IMPLEMENTATIONS = YES;
				CLANG_WARN_DIRECT_OBJC_ISA_USAGE = YES_ERROR;
				CLANG_WARN_DOCUMENTATION_COMMENTS = YES;
				CLANG_WARN_EMPTY_BODY = YES;
				CLANG_WARN_ENUM_CONVERSION = YES;
				CLANG_WARN_INFINITE_RECURSION = YES;
				CLANG_WARN_INT_CONVERSION = YES;
				CLANG_WARN_NON_LITERAL_NULL_CONVERSION = YES;
				CLANG_WARN_OBJC_IMPLICIT_RETAIN_SELF = YES;
				CLANG_WARN_OBJC_LITERAL_CONVERSION = YES;
				CLANG_WARN_OBJC_ROOT_CLASS = YES_ERROR;
				CLANG_WARN_RANGE_LOOP_ANALYSIS = YES;
				CLANG_WARN_STRICT_PROTOTYPES = YES;
				CLANG_WARN_SUSPICIOUS_MOVE = YES;
				CLANG_WARN_UNGUARDED_AVAILABILITY = YES_AGGRESSIVE;
				CLANG_WARN_UNREACHABLE_CODE = YES;
				CLANG_WARN__DUPLICATE_METHOD_MATCH = YES;
				COPY_PHASE_STRIP = NO;
				DEBUG_INFORMATION_FORMAT = "dwarf-with-dsym";
				ENABLE_NS_ASSERTIONS = NO;
				ENABLE_STRICT_OBJC_MSGSEND = YES;
				GCC_C_LANGUAGE_STANDARD = gnu11;
				GCC_NO_COMMON_BLOCKS = YES;
				GCC_WARN_64_TO_32_BIT_CONVERSION = YES;
				GCC_WARN_ABOUT_RETURN_TYPE = YES_ERROR;
				GCC_WARN_UNDECLARED_SELECTOR = YES;
				GCC_WARN_UNINITIALIZED_AUTOS = YES_AGGRESSIVE;
				GCC_WARN_UNUSED_FUNCTION = YES;
				GCC_WARN_UNUSED_VARIABLE = YES;
				IPHONEOS_DEPLOYMENT_TARGET = 13.6;
				MTL_ENABLE_DEBUG_INFO = NO;
				MTL_FAST_MATH = YES;
				SDKROOT = iphoneos;
				VALIDATE_PRODUCT = YES;
			};
			name = Release;
		};
		3C50859D24C5855B00D5A87E /* Debug */ = {
			isa = XCBuildConfiguration;
			buildSettings = {
				ASSETCATALOG_COMPILER_APPICON_NAME = AppIcon;
				CODE_SIGN_STYLE = Automatic;
				DEVELOPMENT_TEAM = KFNAAK48FE;
				INFOPLIST_FILE = PubNativeInterview/Info.plist;
				LD_RUNPATH_SEARCH_PATHS = (
					"$(inherited)",
					"@executable_path/Frameworks",
				);
				PRODUCT_BUNDLE_IDENTIFIER = com.ramen.PubNativeInterview;
				PRODUCT_NAME = "$(TARGET_NAME)";
				TARGETED_DEVICE_FAMILY = "1,2";
			};
			name = Debug;
		};
		3C50859E24C5855B00D5A87E /* Release */ = {
			isa = XCBuildConfiguration;
			buildSettings = {
				ASSETCATALOG_COMPILER_APPICON_NAME = AppIcon;
				CODE_SIGN_STYLE = Automatic;
				DEVELOPMENT_TEAM = KFNAAK48FE;
				INFOPLIST_FILE = PubNativeInterview/Info.plist;
				LD_RUNPATH_SEARCH_PATHS = (
					"$(inherited)",
					"@executable_path/Frameworks",
				);
				PRODUCT_BUNDLE_IDENTIFIER = com.ramen.PubNativeInterview;
				PRODUCT_NAME = "$(TARGET_NAME)";
				TARGETED_DEVICE_FAMILY = "1,2";
			};
			name = Release;
		};
/* End XCBuildConfiguration section */

/* Begin XCConfigurationList section */
		3C50857E24C5855600D5A87E /* Build configuration list for PBXProject "PubNativeInterview" */ = {
			isa = XCConfigurationList;
			buildConfigurations = (
				3C50859A24C5855B00D5A87E /* Debug */,
				3C50859B24C5855B00D5A87E /* Release */,
			);
			defaultConfigurationIsVisible = 0;
			defaultConfigurationName = Release;
		};
		3C50859C24C5855B00D5A87E /* Build configuration list for PBXNativeTarget "PubNativeInterview" */ = {
			isa = XCConfigurationList;
			buildConfigurations = (
				3C50859D24C5855B00D5A87E /* Debug */,
				3C50859E24C5855B00D5A87E /* Release */,
			);
			defaultConfigurationIsVisible = 0;
			defaultConfigurationName = Release;
		};
/* End XCConfigurationList section */
	};
	rootObject = 3C50857B24C5855600D5A87E /* Project object */;
}
